
Microsoft Visual Studio Solution File, Format Version 12.00
# Visual Studio Version 17
VisualStudioVersion = 17.5.33209.295
MinimumVisualStudioVersion = 10.0.40219.1
Project("{9A19103F-16F7-4668-BE54-9A1E7A4F7556}") = "PrimalistBloodlineSelections", "PrimalistBloodlineSelections.csproj", "{F79843AB-689A-443A-A81C-5D145983917B}"
EndProject
Global
	GlobalSection(SolutionConfigurationPlatforms) = preSolution
		Debug|Any CPU = Debug|Any CPU
		Release|Any CPU = Release|Any CPU
	EndGlobalSection
	GlobalSection(ProjectConfigurationPlatforms) = postSolution
		{F79843AB-689A-443A-A81C-5D145983917B}.Debug|Any CPU.ActiveCfg = Debug|Any CPU
		{F79843AB-689A-443A-A81C-5D145983917B}.Debug|Any CPU.Build.0 = Debug|Any CPU
		{F79843AB-689A-443A-A81C-5D145983917B}.Release|Any CPU.ActiveCfg = Release|Any CPU
		{F79843AB-689A-443A-A81C-5D145983917B}.Release|Any CPU.Build.0 = Release|Any CPU
	EndGlobalSection
	GlobalSection(SolutionProperties) = preSolution
		HideSolutionNode = FALSE
	EndGlobalSection
	GlobalSection(ExtensibilityGlobals) = postSolution
		SolutionGuid = {3D865886-97EB-40F4-BF8D-1914F02B894F}
	EndGlobalSection
EndGlobal
